
Microsoft Visual Studio Solution File, Format Version 12.00
# Visual Studio Version 17
VisualStudioVersion = 17.2.32616.157
MinimumVisualStudioVersion = 10.0.40219.1
Project("{FAE04EC0-301F-11D3-BF4B-00C04F79EFBC}") = "CadastroGeral", "CadastroGeral\CadastroGeral.csproj", "{4F945768-F368-4999-80EF-E9FD506F4043}"
EndProject
Global
	GlobalSection(SolutionConfigurationPlatforms) = preSolution
		Debug|Any CPU = Debug|Any CPU
		Release|Any CPU = Release|Any CPU
	EndGlobalSection
	GlobalSection(ProjectConfigurationPlatforms) = postSolution
		{4F945768-F368-4999-80EF-E9FD506F4043}.Debug|Any CPU.ActiveCfg = Debug|Any CPU
		{4F945768-F368-4999-80EF-E9FD506F4043}.Debug|Any CPU.Build.0 = Debug|Any CPU
		{4F945768-F368-4999-80EF-E9FD506F4043}.Release|Any CPU.ActiveCfg = Release|Any CPU
		{4F945768-F368-4999-80EF-E9FD506F4043}.Release|Any CPU.Build.0 = Release|Any CPU
	EndGlobalSection
	GlobalSection(SolutionProperties) = preSolution
		HideSolutionNode = FALSE
	EndGlobalSection
	GlobalSection(ExtensibilityGlobals) = postSolution
		SolutionGuid = {31A446A5-F2CF-463E-AE53-063721581260}
	EndGlobalSection
EndGlobal
